
Microsoft Visual Studio Solution File, Format Version 12.00
# Visual Studio Version 17
VisualStudioVersion = 17.8.34322.80
MinimumVisualStudioVersion = 10.0.40219.1
Project("{FAE04EC0-301F-11D3-BF4B-00C04F79EFBC}") = "Libly", "Libly\Libly.csproj", "{722685E3-4F6E-4684-8DA1-831412A91694}"
EndProject
Project("{FAE04EC0-301F-11D3-BF4B-00C04F79EFBC}") = "Libly.Core", "Libly.Core\Libly.Core.csproj", "{907F4F50-E2A5-450B-B89D-37318802A2D9}"
EndProject
Project("{FAE04EC0-301F-11D3-BF4B-00C04F79EFBC}") = "Libly.Test", "Libly.Test\Libly.Test.csproj", "{FC521F9F-32BA-4141-A461-0509450916E6}"
EndProject
Global
	GlobalSection(SolutionConfigurationPlatforms) = preSolution
		Debug|Any CPU = Debug|Any CPU
		Release|Any CPU = Release|Any CPU
	EndGlobalSection
	GlobalSection(ProjectConfigurationPlatforms) = postSolution
		{722685E3-4F6E-4684-8DA1-831412A91694}.Debug|Any CPU.ActiveCfg = Debug|Any CPU
		{722685E3-4F6E-4684-8DA1-831412A91694}.Debug|Any CPU.Build.0 = Debug|Any CPU
		{722685E3-4F6E-4684-8DA1-831412A91694}.Release|Any CPU.ActiveCfg = Release|Any CPU
		{722685E3-4F6E-4684-8DA1-831412A91694}.Release|Any CPU.Build.0 = Release|Any CPU
		{907F4F50-E2A5-450B-B89D-37318802A2D9}.Debug|Any CPU.ActiveCfg = Debug|Any CPU
		{907F4F50-E2A5-450B-B89D-37318802A2D9}.Debug|Any CPU.Build.0 = Debug|Any CPU
		{907F4F50-E2A5-450B-B89D-37318802A2D9}.Release|Any CPU.ActiveCfg = Release|Any CPU
		{907F4F50-E2A5-450B-B89D-37318802A2D9}.Release|Any CPU.Build.0 = Release|Any CPU
		{FC521F9F-32BA-4141-A461-0509450916E6}.Debug|Any CPU.ActiveCfg = Debug|Any CPU
		{FC521F9F-32BA-4141-A461-0509450916E6}.Debug|Any CPU.Build.0 = Debug|Any CPU
		{FC521F9F-32BA-4141-A461-0509450916E6}.Release|Any CPU.ActiveCfg = Release|Any CPU
		{FC521F9F-32BA-4141-A461-0509450916E6}.Release|Any CPU.Build.0 = Release|Any CPU
	EndGlobalSection
	GlobalSection(SolutionProperties) = preSolution
		HideSolutionNode = FALSE
	EndGlobalSection
	GlobalSection(ExtensibilityGlobals) = postSolution
		SolutionGuid = {3B615451-ADF3-4ABB-8562-55126D9099B7}
	EndGlobalSection
EndGlobal
